{
  "name": "HackerRank",
  "version": "1.0.0",
  "lockfileVersion": 1,
  "requires": true,
  "dependencies": {
    "big-integer": {
      "version": "1.6.48",
      "resolved": "https://registry.npmjs.org/big-integer/-/big-integer-1.6.48.tgz",
      "integrity": "sha512-j51egjPa7/i+RdiRuJbPdJ2FIUYYPhvYLjzoYbcMMm62ooO6F94fETG4MTs46zPAF9Brs04OajboA/qTGuz78w=="
    },
    "id-auto-increment": {
      "version": "1.0.1",
      "resolved": "https://registry.npmjs.org/id-auto-increment/-/id-auto-increment-1.0.1.tgz",
      "integrity": "sha512-PruprOVAXPWJ/kWvoJjeenol+ZF3mCcU6h9+8LkSzdILEXV45sC1BpijtQdlhXvkQy0tjXLcLkadAfbzVSLdRQ==",
      "requires": {
        "big-integer": "^1.6.48"
      }
    },
    "invoice-number": {
      "version": "1.0.6",
      "resolved": "https://registry.npmjs.org/invoice-number/-/invoice-number-1.0.6.tgz",
      "integrity": "sha512-j8y2o4QYBi/fK4zsjJHszEHwLVhtg/Q4ClfdwhBJkFBS1WDK9X0k2AgnS6xgYIeuookeDbF6BHt21MZ38g25dg=="
    }
  }
}
